
Microsoft Visual Studio Solution File, Format Version 12.00
# Visual Studio 2013
VisualStudioVersion = 12.0.30723.0
MinimumVisualStudioVersion = 10.0.40219.1
Project("{FAE04EC0-301F-11D3-BF4B-00C04F79EFBC}") = "LIFT.Core.Service", "LIFT.Core.Service.csproj", "{5E4EC474-2A7F-4246-B240-72C8698A8D8C}"
EndProject
Project("{FAE04EC0-301F-11D3-BF4B-00C04F79EFBC}") = "Lift.Core", "..\Lift.Core\Lift.Core.csproj", "{F73D203A-03A1-47D8-9405-7580C2440B99}"
EndProject
Global
	GlobalSection(SolutionConfigurationPlatforms) = preSolution
		Debug|Any CPU = Debug|Any CPU
		Release|Any CPU = Release|Any CPU
	EndGlobalSection
	GlobalSection(ProjectConfigurationPlatforms) = postSolution
		{5E4EC474-2A7F-4246-B240-72C8698A8D8C}.Debug|Any CPU.ActiveCfg = Debug|Any CPU
		{5E4EC474-2A7F-4246-B240-72C8698A8D8C}.Debug|Any CPU.Build.0 = Debug|Any CPU
		{5E4EC474-2A7F-4246-B240-72C8698A8D8C}.Release|Any CPU.ActiveCfg = Release|Any CPU
		{5E4EC474-2A7F-4246-B240-72C8698A8D8C}.Release|Any CPU.Build.0 = Release|Any CPU
		{F73D203A-03A1-47D8-9405-7580C2440B99}.Debug|Any CPU.ActiveCfg = Debug|Any CPU
		{F73D203A-03A1-47D8-9405-7580C2440B99}.Debug|Any CPU.Build.0 = Debug|Any CPU
		{F73D203A-03A1-47D8-9405-7580C2440B99}.Release|Any CPU.ActiveCfg = Release|Any CPU
		{F73D203A-03A1-47D8-9405-7580C2440B99}.Release|Any CPU.Build.0 = Release|Any CPU
	EndGlobalSection
	GlobalSection(SolutionProperties) = preSolution
		HideSolutionNode = FALSE
	EndGlobalSection
EndGlobal
